// !$*UTF8*$!
{
	archiveVersion = 1;
	classes = {
	};
	objectVersion = 50;
	objects = {

/* Begin PBXBuildFile section */
		9401CB94C81BD1E82DA87C71 /* Pods_TestKitchen.framework in Frameworks */ = {isa = PBXBuildFile; fileRef = 64CB743C9CA25E8E63789719 /* Pods_TestKitchen.framework */; };
		B50A0CCA20A0B74300C55233 /* RecipeVersionsViewController.swift in Sources */ = {isa = PBXBuildFile; fileRef = B50A0CC920A0B74300C55233 /* RecipeVersionsViewController.swift */; };
		B50A0CCC20A20F9A00C55233 /* MenuViewController.swift in Sources */ = {isa = PBXBuildFile; fileRef = B50A0CCB20A20F9A00C55233 /* MenuViewController.swift */; };
		B52A734520BF2B2800E797B4 /* RecipeTableCells.swift in Sources */ = {isa = PBXBuildFile; fileRef = B52A734420BF2B2800E797B4 /* RecipeTableCells.swift */; };
		B53DDA5820E14FB400DD82DF /* RegisterViewController.swift in Sources */ = {isa = PBXBuildFile; fileRef = B53DDA5720E14FB400DD82DF /* RegisterViewController.swift */; };
		B53DDA5C20E1506700DD82DF /* SignInViewController.swift in Sources */ = {isa = PBXBuildFile; fileRef = B53DDA5B20E1506700DD82DF /* SignInViewController.swift */; };
		B546441421403F20009C9150 /* SettingsTableViewController.swift in Sources */ = {isa = PBXBuildFile; fileRef = B546441321403F20009C9150 /* SettingsTableViewController.swift */; };
		B5D8FD6320AF6F7700E2C5C2 /* RecipeDetailsViewController.swift in Sources */ = {isa = PBXBuildFile; fileRef = B5D8FD6220AF6F7700E2C5C2 /* RecipeDetailsViewController.swift */; };
		B5ECC7EF21BB1BB9007CEDB5 /* EditingViewController.swift in Sources */ = {isa = PBXBuildFile; fileRef = B5ECC7EE21BB1BB9007CEDB5 /* EditingViewController.swift */; };
		B5EF70D0209BB0F900F4F498 /* AppDelegate.swift in Sources */ = {isa = PBXBuildFile; fileRef = B5EF70CF209BB0F900F4F498 /* AppDelegate.swift */; };
		B5EF70D5209BB0F900F4F498 /* Main.storyboard in Resources */ = {isa = PBXBuildFile; fileRef = B5EF70D3209BB0F900F4F498 /* Main.storyboard */; };
		B5EF70D8209BB0F900F4F498 /* TestKitchen.xcdatamodeld in Sources */ = {isa = PBXBuildFile; fileRef = B5EF70D6209BB0F900F4F498 /* TestKitchen.xcdatamodeld */; };
		B5EF70DA209BB0FC00F4F498 /* Assets.xcassets in Resources */ = {isa = PBXBuildFile; fileRef = B5EF70D9209BB0FC00F4F498 /* Assets.xcassets */; };
		B5EF70DD209BB0FC00F4F498 /* LaunchScreen.storyboard in Resources */ = {isa = PBXBuildFile; fileRef = B5EF70DB209BB0FC00F4F498 /* LaunchScreen.storyboard */; };
		B5EF70E5209BB19C00F4F498 /* Recipe.swift in Sources */ = {isa = PBXBuildFile; fileRef = B5EF70E4209BB19C00F4F498 /* Recipe.swift */; };
		B5EF70E7209BB6F700F4F498 /* RecipesViewController.swift in Sources */ = {isa = PBXBuildFile; fileRef = B5EF70E6209BB6F700F4F498 /* RecipesViewController.swift */; };
/* End PBXBuildFile section */

/* Begin PBXFileReference section */
		518B384EF9D45BA99BD43B93 /* Pods-TestKitchen.debug.xcconfig */ = {isa = PBXFileReference; includeInIndex = 1; lastKnownFileType = text.xcconfig; name = "Pods-TestKitchen.debug.xcconfig"; path = "Pods/Target Support Files/Pods-TestKitchen/Pods-TestKitchen.debug.xcconfig"; sourceTree = "<group>"; };
		5BBCE308992030E13C64490E /* Pods-TestKitchen.release.xcconfig */ = {isa = PBXFileReference; includeInIndex = 1; lastKnownFileType = text.xcconfig; name = "Pods-TestKitchen.release.xcconfig"; path = "Pods/Target Support Files/Pods-TestKitchen/Pods-TestKitchen.release.xcconfig"; sourceTree = "<group>"; };
		64CB743C9CA25E8E63789719 /* Pods_TestKitchen.framework */ = {isa = PBXFileReference; explicitFileType = wrapper.framework; includeInIndex = 0; path = Pods_TestKitchen.framework; sourceTree = BUILT_PRODUCTS_DIR; };
		B50A0CC920A0B74300C55233 /* RecipeVersionsViewController.swift */ = {isa = PBXFileReference; lastKnownFileType = sourcecode.swift; path = RecipeVersionsViewController.swift; sourceTree = "<group>"; };
		B50A0CCB20A20F9A00C55233 /* MenuViewController.swift */ = {isa = PBXFileReference; lastKnownFileType = sourcecode.swift; path = MenuViewController.swift; sourceTree = "<group>"; };
		B52A734420BF2B2800E797B4 /* RecipeTableCells.swift */ = {isa = PBXFileReference; lastKnownFileType = sourcecode.swift; path = RecipeTableCells.swift; sourceTree = "<group>"; };
		B53DDA5720E14FB400DD82DF /* RegisterViewController.swift */ = {isa = PBXFileReference; lastKnownFileType = sourcecode.swift; path = RegisterViewController.swift; sourceTree = "<group>"; };
		B53DDA5B20E1506700DD82DF /* SignInViewController.swift */ = {isa = PBXFileReference; lastKnownFileType = sourcecode.swift; path = SignInViewController.swift; sourceTree = "<group>"; };
		B546441321403F20009C9150 /* SettingsTableViewController.swift */ = {isa = PBXFileReference; lastKnownFileType = sourcecode.swift; path = SettingsTableViewController.swift; sourceTree = "<group>"; };
		B5D8FD6220AF6F7700E2C5C2 /* RecipeDetailsViewController.swift */ = {isa = PBXFileReference; lastKnownFileType = sourcecode.swift; path = RecipeDetailsViewController.swift; sourceTree = "<group>"; };
		B5ECC7EE21BB1BB9007CEDB5 /* EditingViewController.swift */ = {isa = PBXFileReference; lastKnownFileType = sourcecode.swift; path = EditingViewController.swift; sourceTree = "<group>"; };
		B5EF70CC209BB0F900F4F498 /* TestKitchen.app */ = {isa = PBXFileReference; explicitFileType = wrapper.application; includeInIndex = 0; path = TestKitchen.app; sourceTree = BUILT_PRODUCTS_DIR; };
		B5EF70CF209BB0F900F4F498 /* AppDelegate.swift */ = {isa = PBXFileReference; lastKnownFileType = sourcecode.swift; path = AppDelegate.swift; sourceTree = "<group>"; };
		B5EF70D4209BB0F900F4F498 /* Base */ = {isa = PBXFileReference; lastKnownFileType = file.storyboard; name = Base; path = Base.lproj/Main.storyboard; sourceTree = "<group>"; };
		B5EF70D7209BB0F900F4F498 /* TestKitchen.xcdatamodel */ = {isa = PBXFileReference; lastKnownFileType = wrapper.xcdatamodel; path = TestKitchen.xcdatamodel; sourceTree = "<group>"; };
		B5EF70D9209BB0FC00F4F498 /* Assets.xcassets */ = {isa = PBXFileReference; lastKnownFileType = folder.assetcatalog; path = Assets.xcassets; sourceTree = "<group>"; };
		B5EF70DC209BB0FC00F4F498 /* Base */ = {isa = PBXFileReference; lastKnownFileType = file.storyboard; name = Base; path = Base.lproj/LaunchScreen.storyboard; sourceTree = "<group>"; };
		B5EF70DE209BB0FC00F4F498 /* Info.plist */ = {isa = PBXFileReference; lastKnownFileType = text.plist.xml; path = Info.plist; sourceTree = "<group>"; };
		B5EF70E4209BB19C00F4F498 /* Recipe.swift */ = {isa = PBXFileReference; lastKnownFileType = sourcecode.swift; path = Recipe.swift; sourceTree = "<group>"; };
		B5EF70E6209BB6F700F4F498 /* RecipesViewController.swift */ = {isa = PBXFileReference; lastKnownFileType = sourcecode.swift; path = RecipesViewController.swift; sourceTree = "<group>"; };
/* End PBXFileReference section */

/* Begin PBXFrameworksBuildPhase section */
		B5EF70C9209BB0F900F4F498 /* Frameworks */ = {
			isa = PBXFrameworksBuildPhase;
			buildActionMask = 2147483647;
			files = (
				9401CB94C81BD1E82DA87C71 /* Pods_TestKitchen.framework in Frameworks */,
			);
			runOnlyForDeploymentPostprocessing = 0;
		};
/* End PBXFrameworksBuildPhase section */

/* Begin PBXGroup section */
		27B59B462B919C7100FD7D91 /* Frameworks */ = {
			isa = PBXGroup;
			children = (
				64CB743C9CA25E8E63789719 /* Pods_TestKitchen.framework */,
			);
			name = Frameworks;
			sourceTree = "<group>";
		};
		33ACCD4F5F38FB48F5C722EE /* Pods */ = {
			isa = PBXGroup;
			children = (
				518B384EF9D45BA99BD43B93 /* Pods-TestKitchen.debug.xcconfig */,
				5BBCE308992030E13C64490E /* Pods-TestKitchen.release.xcconfig */,
			);
			name = Pods;
			sourceTree = "<group>";
		};
		B5EF70C3209BB0F900F4F498 = {
			isa = PBXGroup;
			children = (
				B5EF70CE209BB0F900F4F498 /* TestKitchen */,
				B5EF70CD209BB0F900F4F498 /* Products */,
				33ACCD4F5F38FB48F5C722EE /* Pods */,
				27B59B462B919C7100FD7D91 /* Frameworks */,
			);
			sourceTree = "<group>";
		};
		B5EF70CD209BB0F900F4F498 /* Products */ = {
			isa = PBXGroup;
			children = (
				B5EF70CC209BB0F900F4F498 /* TestKitchen.app */,
			);
			name = Products;
			sourceTree = "<group>";
		};
		B5EF70CE209BB0F900F4F498 /* TestKitchen */ = {
			isa = PBXGroup;
			children = (
				B5EF70CF209BB0F900F4F498 /* AppDelegate.swift */,
				B5EF70D3209BB0F900F4F498 /* Main.storyboard */,
				B53DDA5720E14FB400DD82DF /* RegisterViewController.swift */,
				B53DDA5B20E1506700DD82DF /* SignInViewController.swift */,
				B50A0CCB20A20F9A00C55233 /* MenuViewController.swift */,
				B5EF70E6209BB6F700F4F498 /* RecipesViewController.swift */,
				B50A0CC920A0B74300C55233 /* RecipeVersionsViewController.swift */,
				B5D8FD6220AF6F7700E2C5C2 /* RecipeDetailsViewController.swift */,
				B52A734420BF2B2800E797B4 /* RecipeTableCells.swift */,
				B5EF70E4209BB19C00F4F498 /* Recipe.swift */,
				B546441321403F20009C9150 /* SettingsTableViewController.swift */,
				B5ECC7EE21BB1BB9007CEDB5 /* EditingViewController.swift */,
				B5EF70D9209BB0FC00F4F498 /* Assets.xcassets */,
				B5EF70DB209BB0FC00F4F498 /* LaunchScreen.storyboard */,
				B5EF70DE209BB0FC00F4F498 /* Info.plist */,
				B5EF70D6209BB0F900F4F498 /* TestKitchen.xcdatamodeld */,
			);
			path = TestKitchen;
			sourceTree = "<group>";
		};
/* End PBXGroup section */

/* Begin PBXNativeTarget section */
		B5EF70CB209BB0F900F4F498 /* TestKitchen */ = {
			isa = PBXNativeTarget;
			buildConfigurationList = B5EF70E1209BB0FC00F4F498 /* Build configuration list for PBXNativeTarget "TestKitchen" */;
			buildPhases = (
				3DCA92A763C482E0E87F197E /* [CP] Check Pods Manifest.lock */,
				B5EF70C8209BB0F900F4F498 /* Sources */,
				B5EF70C9209BB0F900F4F498 /* Frameworks */,
				B5EF70CA209BB0F900F4F498 /* Resources */,
			);
			buildRules = (
			);
			dependencies = (
			);
			name = TestKitchen;
			productName = TestKitchen;
			productReference = B5EF70CC209BB0F900F4F498 /* TestKitchen.app */;
			productType = "com.apple.product-type.application";
		};
/* End PBXNativeTarget section */

/* Begin PBXProject section */
		B5EF70C4209BB0F900F4F498 /* Project object */ = {
			isa = PBXProject;
			attributes = {
				LastSwiftUpdateCheck = 0930;
				LastUpgradeCheck = 0930;
				ORGANIZATIONNAME = bfgreene;
				TargetAttributes = {
					B5EF70CB209BB0F900F4F498 = {
						CreatedOnToolsVersion = 9.3;
					};
				};
			};
			buildConfigurationList = B5EF70C7209BB0F900F4F498 /* Build configuration list for PBXProject "TestKitchen" */;
			compatibilityVersion = "Xcode 9.3";
			developmentRegion = en;
			hasScannedForEncodings = 0;
			knownRegions = (
				en,
				Base,
			);
			mainGroup = B5EF70C3209BB0F900F4F498;
			productRefGroup = B5EF70CD209BB0F900F4F498 /* Products */;
			projectDirPath = "";
			projectRoot = "";
			targets = (
				B5EF70CB209BB0F900F4F498 /* TestKitchen */,
			);
		};
/* End PBXProject section */

/* Begin PBXResourcesBuildPhase section */
		B5EF70CA209BB0F900F4F498 /* Resources */ = {
			isa = PBXResourcesBuildPhase;
			buildActionMask = 2147483647;
			files = (
				B5EF70DD209BB0FC00F4F498 /* LaunchScreen.storyboard in Resources */,
				B5EF70DA209BB0FC00F4F498 /* Assets.xcassets in Resources */,
				B5EF70D5209BB0F900F4F498 /* Main.storyboard in Resources */,
			);
			runOnlyForDeploymentPostprocessing = 0;
		};
/* End PBXResourcesBuildPhase section */

/* Begin PBXShellScriptBuildPhase section */
		3DCA92A763C482E0E87F197E /* [CP] Check Pods Manifest.lock */ = {
			isa = PBXShellScriptBuildPhase;
			buildActionMask = 2147483647;
			files = (
			);
			inputPaths = (
				"${PODS_PODFILE_DIR_PATH}/Podfile.lock",
				"${PODS_ROOT}/Manifest.lock",
			);
			name = "[CP] Check Pods Manifest.lock";
			outputPaths = (
				"$(DERIVED_FILE_DIR)/Pods-TestKitchen-checkManifestLockResult.txt",
			);
			runOnlyForDeploymentPostprocessing = 0;
			shellPath = /bin/sh;
			shellScript = "diff \"${PODS_PODFILE_DIR_PATH}/Podfile.lock\" \"${PODS_ROOT}/Manifest.lock\" > /dev/null\nif [ $? != 0 ] ; then\n    # print error to STDERR\n    echo \"error: The sandbox is not in sync with the Podfile.lock. Run 'pod install' or update your CocoaPods installation.\" >&2\n    exit 1\nfi\n# This output is used by Xcode 'outputs' to avoid re-running this script phase.\necho \"SUCCESS\" > \"${SCRIPT_OUTPUT_FILE_0}\"\n";
			showEnvVarsInLog = 0;
		};
/* End PBXShellScriptBuildPhase section */

/* Begin PBXSourcesBuildPhase section */
		B5EF70C8209BB0F900F4F498 /* Sources */ = {
			isa = PBXSourcesBuildPhase;
			buildActionMask = 2147483647;
			files = (
				B5EF70E7209BB6F700F4F498 /* RecipesViewController.swift in Sources */,
				B5ECC7EF21BB1BB9007CEDB5 /* EditingViewController.swift in Sources */,
				B53DDA5820E14FB400DD82DF /* RegisterViewController.swift in Sources */,
				B5EF70D8209BB0F900F4F498 /* TestKitchen.xcdatamodeld in Sources */,
				B546441421403F20009C9150 /* SettingsTableViewController.swift in Sources */,
				B5D8FD6320AF6F7700E2C5C2 /* RecipeDetailsViewController.swift in Sources */,
				B5EF70D0209BB0F900F4F498 /* AppDelegate.swift in Sources */,
				B50A0CCC20A20F9A00C55233 /* MenuViewController.swift in Sources */,
				B50A0CCA20A0B74300C55233 /* RecipeVersionsViewController.swift in Sources */,
				B52A734520BF2B2800E797B4 /* RecipeTableCells.swift in Sources */,
				B53DDA5C20E1506700DD82DF /* SignInViewController.swift in Sources */,
				B5EF70E5209BB19C00F4F498 /* Recipe.swift in Sources */,
			);
			runOnlyForDeploymentPostprocessing = 0;
		};
/* End PBXSourcesBuildPhase section */

/* Begin PBXVariantGroup section */
		B5EF70D3209BB0F900F4F498 /* Main.storyboard */ = {
			isa = PBXVariantGroup;
			children = (
				B5EF70D4209BB0F900F4F498 /* Base */,
			);
			name = Main.storyboard;
			sourceTree = "<group>";
		};
		B5EF70DB209BB0FC00F4F498 /* LaunchScreen.storyboard */ = {
			isa = PBXVariantGroup;
			children = (
				B5EF70DC209BB0FC00F4F498 /* Base */,
			);
			name = LaunchScreen.storyboard;
			sourceTree = "<group>";
		};
/* End PBXVariantGroup section */

/* Begin XCBuildConfiguration section */
		B5EF70DF209BB0FC00F4F498 /* Debug */ = {
			isa = XCBuildConfiguration;
			buildSettings = {
				ALWAYS_SEARCH_USER_PATHS = NO;
				CLANG_ANALYZER_NONNULL = YES;
				CLANG_ANALYZER_NUMBER_OBJECT_CONVERSION = YES_AGGRESSIVE;
				CLANG_CXX_LANGUAGE_STANDARD = "gnu++14";
				CLANG_CXX_LIBRARY = "libc++";
				CLANG_ENABLE_MODULES = YES;
				CLANG_ENABLE_OBJC_ARC = YES;
				CLANG_ENABLE_OBJC_WEAK = YES;
				CLANG_WARN_BLOCK_CAPTURE_AUTORELEASING = YES;
				CLANG_WARN_BOOL_CONVERSION = YES;
				CLANG_WARN_COMMA = YES;
				CLANG_WARN_CONSTANT_CONVERSION = YES;
				CLANG_WARN_DEPRECATED_OBJC_IMPLEMENTATIONS = YES;
				CLANG_WARN_DIRECT_OBJC_ISA_USAGE = YES_ERROR;
				CLANG_WARN_DOCUMENTATION_COMMENTS = YES;
				CLANG_WARN_EMPTY_BODY = YES;
				CLANG_WARN_ENUM_CONVERSION = YES;
				CLANG_WARN_INFINITE_RECURSION = YES;
				CLANG_WARN_INT_CONVERSION = YES;
				CLANG_WARN_NON_LITERAL_NULL_CONVERSION = YES;
				CLANG_WARN_OBJC_IMPLICIT_RETAIN_SELF = YES;
				CLANG_WARN_OBJC_LITERAL_CONVERSION = YES;
				CLANG_WARN_OBJC_ROOT_CLASS = YES_ERROR;
				CLANG_WARN_RANGE_LOOP_ANALYSIS = YES;
				CLANG_WARN_STRICT_PROTOTYPES = YES;
				CLANG_WARN_SUSPICIOUS_MOVE = YES;
				CLANG_WARN_UNGUARDED_AVAILABILITY = YES_AGGRESSIVE;
				CLANG_WARN_UNREACHABLE_CODE = YES;
				CLANG_WARN__DUPLICATE_METHOD_MATCH = YES;
				CODE_SIGN_IDENTITY = "iPhone Developer";
				COPY_PHASE_STRIP = NO;
				DEBUG_INFORMATION_FORMAT = dwarf;
				ENABLE_STRICT_OBJC_MSGSEND = YES;
				ENABLE_TESTABILITY = YES;
				FRAMEWORK_SEARCH_PATHS = "";
				"FRAMEWORK_SEARCH_PATHS[arch=*]" = "";
				GCC_C_LANGUAGE_STANDARD = gnu11;
				GCC_DYNAMIC_NO_PIC = NO;
				GCC_NO_COMMON_BLOCKS = YES;
				GCC_OPTIMIZATION_LEVEL = 0;
				GCC_PREPROCESSOR_DEFINITIONS = (
					"DEBUG=1",
					"$(inherited)",
				);
				GCC_WARN_64_TO_32_BIT_CONVERSION = YES;
				GCC_WARN_ABOUT_RETURN_TYPE = YES_ERROR;
				GCC_WARN_UNDECLARED_SELECTOR = YES;
				GCC_WARN_UNINITIALIZED_AUTOS = YES_AGGRESSIVE;
				GCC_WARN_UNUSED_FUNCTION = YES;
				GCC_WARN_UNUSED_VARIABLE = YES;
				IPHONEOS_DEPLOYMENT_TARGET = 10.0;
				MTL_ENABLE_DEBUG_INFO = YES;
				ONLY_ACTIVE_ARCH = YES;
				SDKROOT = iphoneos;
				SWIFT_ACTIVE_COMPILATION_CONDITIONS = DEBUG;
				SWIFT_OBJC_BRIDGING_HEADER = "Pods/Backendless/SDK/ios/backendless/include/Backendless-Bridging-Header.h";
				SWIFT_OPTIMIZATION_LEVEL = "-Onone";
			};
			name = Debug;
		};
		B5EF70E0209BB0FC00F4F498 /* Release */ = {
			isa = XCBuildConfiguration;
			buildSettings = {
				ALWAYS_SEARCH_USER_PATHS = NO;
				CLANG_ANALYZER_NONNULL = YES;
				CLANG_ANALYZER_NUMBER_OBJECT_CONVERSION = YES_AGGRESSIVE;
				CLANG_CXX_LANGUAGE_STANDARD = "gnu++14";
				CLANG_CXX_LIBRARY = "libc++";
				CLANG_ENABLE_MODULES = YES;
				CLANG_ENABLE_OBJC_ARC = YES;
				CLANG_ENABLE_OBJC_WEAK = YES;
				CLANG_WARN_BLOCK_CAPTURE_AUTORELEASING = YES;
				CLANG_WARN_BOOL_CONVERSION = YES;
				CLANG_WARN_COMMA = YES;
				CLANG_WARN_CONSTANT_CONVERSION = YES;
				CLANG_WARN_DEPRECATED_OBJC_IMPLEMENTATIONS = YES;
				CLANG_WARN_DIRECT_OBJC_ISA_USAGE = YES_ERROR;
				CLANG_WARN_DOCUMENTATION_COMMENTS = YES;
				CLANG_WARN_EMPTY_BODY = YES;
				CLANG_WARN_ENUM_CONVERSION = YES;
				CLANG_WARN_INFINITE_RECURSION = YES;
				CLANG_WARN_INT_CONVERSION = YES;
				CLANG_WARN_NON_LITERAL_NULL_CONVERSION = YES;
				CLANG_WARN_OBJC_IMPLICIT_RETAIN_SELF = YES;
				CLANG_WARN_OBJC_LITERAL_CONVERSION = YES;
				CLANG_WARN_OBJC_ROOT_CLASS = YES_ERROR;
				CLANG_WARN_RANGE_LOOP_ANALYSIS = YES;
				CLANG_WARN_STRICT_PROTOTYPES = YES;
				CLANG_WARN_SUSPICIOUS_MOVE = YES;
				CLANG_WARN_UNGUARDED_AVAILABILITY = YES_AGGRESSIVE;
				CLANG_WARN_UNREACHABLE_CODE = YES;
				CLANG_WARN__DUPLICATE_METHOD_MATCH = YES;
				CODE_SIGN_IDENTITY = "iPhone Developer";
				COPY_PHASE_STRIP = NO;
				DEBUG_INFORMATION_FORMAT = "dwarf-with-dsym";
				ENABLE_NS_ASSERTIONS = NO;
				ENABLE_STRICT_OBJC_MSGSEND = YES;
				FRAMEWORK_SEARCH_PATHS = "";
				"FRAMEWORK_SEARCH_PATHS[arch=*]" = "";
				GCC_C_LANGUAGE_STANDARD = gnu11;
				GCC_NO_COMMON_BLOCKS = YES;
				GCC_WARN_64_TO_32_BIT_CONVERSION = YES;
				GCC_WARN_ABOUT_RETURN_TYPE = YES_ERROR;
				GCC_WARN_UNDECLARED_SELECTOR = YES;
				GCC_WARN_UNINITIALIZED_AUTOS = YES_AGGRESSIVE;
				GCC_WARN_UNUSED_FUNCTION = YES;
				GCC_WARN_UNUSED_VARIABLE = YES;
				IPHONEOS_DEPLOYMENT_TARGET = 10.0;
				MTL_ENABLE_DEBUG_INFO = NO;
				SDKROOT = iphoneos;
				SWIFT_COMPILATION_MODE = wholemodule;
				SWIFT_OBJC_BRIDGING_HEADER = "Pods/Backendless/SDK/ios/backendless/include/Backendless-Bridging-Header.h";
				SWIFT_OPTIMIZATION_LEVEL = "-O";
				VALIDATE_PRODUCT = YES;
			};
			name = Release;
		};
		B5EF70E2209BB0FC00F4F498 /* Debug */ = {
			isa = XCBuildConfiguration;
			baseConfigurationReference = 518B384EF9D45BA99BD43B93 /* Pods-TestKitchen.debug.xcconfig */;
			buildSettings = {
				ASSETCATALOG_COMPILER_APPICON_NAME = AppIcon;
				CODE_SIGN_STYLE = Automatic;
				DEVELOPMENT_TEAM = HBXA44666P;
				INFOPLIST_FILE = TestKitchen/Info.plist;
				IPHONEOS_DEPLOYMENT_TARGET = 10.0;
				LD_RUNPATH_SEARCH_PATHS = (
					"$(inherited)",
					"@executable_path/Frameworks",
				);
				PRODUCT_BUNDLE_IDENTIFIER = bfgreene.TestKitchen;
				PRODUCT_NAME = "$(TARGET_NAME)";
				SWIFT_VERSION = 4.0;
				TARGETED_DEVICE_FAMILY = "1,2";
			};
			name = Debug;
		};
		B5EF70E3209BB0FC00F4F498 /* Release */ = {
			isa = XCBuildConfiguration;
			baseConfigurationReference = 5BBCE308992030E13C64490E /* Pods-TestKitchen.release.xcconfig */;
			buildSettings = {
				ASSETCATALOG_COMPILER_APPICON_NAME = AppIcon;
				CODE_SIGN_STYLE = Automatic;
				DEVELOPMENT_TEAM = HBXA44666P;
				INFOPLIST_FILE = TestKitchen/Info.plist;
				IPHONEOS_DEPLOYMENT_TARGET = 10.0;
				LD_RUNPATH_SEARCH_PATHS = (
					"$(inherited)",
					"@executable_path/Frameworks",
				);
				PRODUCT_BUNDLE_IDENTIFIER = bfgreene.TestKitchen;
				PRODUCT_NAME = "$(TARGET_NAME)";
				SWIFT_VERSION = 4.0;
				TARGETED_DEVICE_FAMILY = "1,2";
			};
			name = Release;
		};
/* End XCBuildConfiguration section */

/* Begin XCConfigurationList section */
		B5EF70C7209BB0F900F4F498 /* Build configuration list for PBXProject "TestKitchen" */ = {
			isa = XCConfigurationList;
			buildConfigurations = (
				B5EF70DF209BB0FC00F4F498 /* Debug */,
				B5EF70E0209BB0FC00F4F498 /* Release */,
			);
			defaultConfigurationIsVisible = 0;
			defaultConfigurationName = Release;
		};
		B5EF70E1209BB0FC00F4F498 /* Build configuration list for PBXNativeTarget "TestKitchen" */ = {
			isa = XCConfigurationList;
			buildConfigurations = (
				B5EF70E2209BB0FC00F4F498 /* Debug */,
				B5EF70E3209BB0FC00F4F498 /* Release */,
			);
			defaultConfigurationIsVisible = 0;
			defaultConfigurationName = Release;
		};
/* End XCConfigurationList section */

/* Begin XCVersionGroup section */
		B5EF70D6209BB0F900F4F498 /* TestKitchen.xcdatamodeld */ = {
			isa = XCVersionGroup;
			children = (
				B5EF70D7209BB0F900F4F498 /* TestKitchen.xcdatamodel */,
			);
			currentVersion = B5EF70D7209BB0F900F4F498 /* TestKitchen.xcdatamodel */;
			path = TestKitchen.xcdatamodeld;
			sourceTree = "<group>";
			versionGroupType = wrapper.xcdatamodel;
		};
/* End XCVersionGroup section */
	};
	rootObject = B5EF70C4209BB0F900F4F498 /* Project object */;
}
